
Microsoft Visual Studio Solution File, Format Version 10.00
# Visual Studio 2008
Project("{FAE04EC0-301F-11D3-BF4B-00C04F79EFBC}") = "SnappySharp", "SnappySharp\SnappySharp.csproj", "{8208BA93-2E4F-4275-970A-21B757C547D9}"
EndProject
Global
	GlobalSection(SolutionConfigurationPlatforms) = preSolution
		Debug|Any CPU = Debug|Any CPU
		Release|Any CPU = Release|Any CPU
	EndGlobalSection
	GlobalSection(ProjectConfigurationPlatforms) = postSolution
		{8208BA93-2E4F-4275-970A-21B757C547D9}.Debug|Any CPU.ActiveCfg = Debug|Any CPU
		{8208BA93-2E4F-4275-970A-21B757C547D9}.Debug|Any CPU.Build.0 = Debug|Any CPU
		{8208BA93-2E4F-4275-970A-21B757C547D9}.Release|Any CPU.ActiveCfg = Release|Any CPU
		{8208BA93-2E4F-4275-970A-21B757C547D9}.Release|Any CPU.Build.0 = Release|Any CPU
	EndGlobalSection
	GlobalSection(MonoDevelopProperties) = preSolution
		StartupItem = SnappySharp\SnappySharp.csproj
	EndGlobalSection
EndGlobal
